pypdf==6.10.0 --hash=sha256:90005e959e1596c6e6c84c8b0ad383285b3e17011751cedd17f2ce8fcdfc86de
reportlab==4.4.2 --hash=sha256:58e11be387457928707c12153b7e41e52533a5da3f587b15ba8f8fd0805c6ee2
Pillow==12.0.0 --hash=sha256:c7b2a63fd6d5246349f3d3f37b14430d73ee7e8173154461785e43036ffa96ca
charset-normalizer==3.4.4 --hash=sha256:7a32c560861a02ff789ad905a2fe94e3f840803362c84fecf1851cb4cf3dc37f
typing_extensions==4.15.0 --hash=sha256:f0fa19c6845758ab08074a0cfa8b7aecb71c999ca73d62883bc25cc018c4e548
